
Microsoft Visual Studio Solution File, Format Version 12.00
# Visual Studio Version 17
VisualStudioVersion = 17.6.33815.320
MinimumVisualStudioVersion = 10.0.40219.1
Project("{FAE04EC0-301F-11D3-BF4B-00C04F79EFBC}") = "Phase3Section2.3", "Phase3Section2.3\Phase3Section2.3.csproj", "{FF0F8EEF-A061-42AF-B32B-D4A76E7B0619}"
EndProject
Global
	GlobalSection(SolutionConfigurationPlatforms) = preSolution
		Debug|Any CPU = Debug|Any CPU
		Release|Any CPU = Release|Any CPU
	EndGlobalSection
	GlobalSection(ProjectConfigurationPlatforms) = postSolution
		{FF0F8EEF-A061-42AF-B32B-D4A76E7B0619}.Debug|Any CPU.ActiveCfg = Debug|Any CPU
		{FF0F8EEF-A061-42AF-B32B-D4A76E7B0619}.Debug|Any CPU.Build.0 = Debug|Any CPU
		{FF0F8EEF-A061-42AF-B32B-D4A76E7B0619}.Release|Any CPU.ActiveCfg = Release|Any CPU
		{FF0F8EEF-A061-42AF-B32B-D4A76E7B0619}.Release|Any CPU.Build.0 = Release|Any CPU
	EndGlobalSection
	GlobalSection(SolutionProperties) = preSolution
		HideSolutionNode = FALSE
	EndGlobalSection
	GlobalSection(ExtensibilityGlobals) = postSolution
		SolutionGuid = {043471E3-25D6-4B8D-B3A3-3974EF7F8BF9}
	EndGlobalSection
EndGlobal
